
Microsoft Visual Studio Solution File, Format Version 11.00
# Visual Studio 2010
Project("{FAE04EC0-301F-11D3-BF4B-00C04F79EFBC}") = "Sample.iOS", "Sample.iOS\Sample.iOS.csproj", "{C60A9FBE-FD43-45C6-BE72-07575BDEC5B3}"
EndProject
Project("{FAE04EC0-301F-11D3-BF4B-00C04F79EFBC}") = "SimpleMapView.iOS", "..\..\src\SimpleMapView\SimpleMapView.iOS.csproj", "{9C6B89E3-B31C-4C02-BC5C-35E1A8FEEB42}"
EndProject
Global
	GlobalSection(SolutionConfigurationPlatforms) = preSolution
		Debug|iPhoneSimulator = Debug|iPhoneSimulator
		Release|iPhoneSimulator = Release|iPhoneSimulator
		Debug|iPhone = Debug|iPhone
		Release|iPhone = Release|iPhone
		Ad-Hoc|iPhone = Ad-Hoc|iPhone
		AppStore|iPhone = AppStore|iPhone
	EndGlobalSection
	GlobalSection(ProjectConfigurationPlatforms) = postSolution
		{9C6B89E3-B31C-4C02-BC5C-35E1A8FEEB42}.Ad-Hoc|iPhone.ActiveCfg = Release|Any CPU
		{9C6B89E3-B31C-4C02-BC5C-35E1A8FEEB42}.Ad-Hoc|iPhone.Build.0 = Release|Any CPU
		{9C6B89E3-B31C-4C02-BC5C-35E1A8FEEB42}.AppStore|iPhone.ActiveCfg = Release|Any CPU
		{9C6B89E3-B31C-4C02-BC5C-35E1A8FEEB42}.AppStore|iPhone.Build.0 = Release|Any CPU
		{9C6B89E3-B31C-4C02-BC5C-35E1A8FEEB42}.Debug|iPhone.ActiveCfg = Debug|Any CPU
		{9C6B89E3-B31C-4C02-BC5C-35E1A8FEEB42}.Debug|iPhone.Build.0 = Debug|Any CPU
		{9C6B89E3-B31C-4C02-BC5C-35E1A8FEEB42}.Debug|iPhoneSimulator.ActiveCfg = Debug|Any CPU
		{9C6B89E3-B31C-4C02-BC5C-35E1A8FEEB42}.Debug|iPhoneSimulator.Build.0 = Debug|Any CPU
		{9C6B89E3-B31C-4C02-BC5C-35E1A8FEEB42}.Release|iPhone.ActiveCfg = Release|Any CPU
		{9C6B89E3-B31C-4C02-BC5C-35E1A8FEEB42}.Release|iPhone.Build.0 = Release|Any CPU
		{9C6B89E3-B31C-4C02-BC5C-35E1A8FEEB42}.Release|iPhoneSimulator.ActiveCfg = Release|Any CPU
		{9C6B89E3-B31C-4C02-BC5C-35E1A8FEEB42}.Release|iPhoneSimulator.Build.0 = Release|Any CPU
		{C60A9FBE-FD43-45C6-BE72-07575BDEC5B3}.Ad-Hoc|iPhone.ActiveCfg = Ad-Hoc|iPhone
		{C60A9FBE-FD43-45C6-BE72-07575BDEC5B3}.Ad-Hoc|iPhone.Build.0 = Ad-Hoc|iPhone
		{C60A9FBE-FD43-45C6-BE72-07575BDEC5B3}.AppStore|iPhone.ActiveCfg = AppStore|iPhone
		{C60A9FBE-FD43-45C6-BE72-07575BDEC5B3}.AppStore|iPhone.Build.0 = AppStore|iPhone
		{C60A9FBE-FD43-45C6-BE72-07575BDEC5B3}.Debug|iPhone.ActiveCfg = Debug|iPhone
		{C60A9FBE-FD43-45C6-BE72-07575BDEC5B3}.Debug|iPhone.Build.0 = Debug|iPhone
		{C60A9FBE-FD43-45C6-BE72-07575BDEC5B3}.Debug|iPhoneSimulator.ActiveCfg = Debug|iPhoneSimulator
		{C60A9FBE-FD43-45C6-BE72-07575BDEC5B3}.Debug|iPhoneSimulator.Build.0 = Debug|iPhoneSimulator
		{C60A9FBE-FD43-45C6-BE72-07575BDEC5B3}.Release|iPhone.ActiveCfg = Release|iPhone
		{C60A9FBE-FD43-45C6-BE72-07575BDEC5B3}.Release|iPhone.Build.0 = Release|iPhone
		{C60A9FBE-FD43-45C6-BE72-07575BDEC5B3}.Release|iPhoneSimulator.ActiveCfg = Release|iPhoneSimulator
		{C60A9FBE-FD43-45C6-BE72-07575BDEC5B3}.Release|iPhoneSimulator.Build.0 = Release|iPhoneSimulator
	EndGlobalSection
	GlobalSection(MonoDevelopProperties) = preSolution
		StartupItem = Sample.iOS\Sample.iOS.csproj
	EndGlobalSection
EndGlobal
